
Microsoft Visual Studio Solution File, Format Version 12.00
# Visual Studio Version 17
VisualStudioVersion = 17.4.33110.190
MinimumVisualStudioVersion = 10.0.40219.1
Project("{9A19103F-16F7-4668-BE54-9A1E7A4F7556}") = "Task19", "Task19\Task19.csproj", "{5677633D-F1A4-49BA-9522-44761DF5B0FE}"
EndProject
Project("{9A19103F-16F7-4668-BE54-9A1E7A4F7556}") = "Task21", "Task21\Task21.csproj", "{9ACE3432-4DA6-48C8-AD00-0C3503B48C95}"
EndProject
Project("{9A19103F-16F7-4668-BE54-9A1E7A4F7556}") = "Task23", "Task23\Task23.csproj", "{04647580-A4C6-4ED0-8A0E-3AB318ADA14C}"
EndProject
Global
	GlobalSection(SolutionConfigurationPlatforms) = preSolution
		Debug|Any CPU = Debug|Any CPU
		Release|Any CPU = Release|Any CPU
	EndGlobalSection
	GlobalSection(ProjectConfigurationPlatforms) = postSolution
		{5677633D-F1A4-49BA-9522-44761DF5B0FE}.Debug|Any CPU.ActiveCfg = Debug|Any CPU
		{5677633D-F1A4-49BA-9522-44761DF5B0FE}.Debug|Any CPU.Build.0 = Debug|Any CPU
		{5677633D-F1A4-49BA-9522-44761DF5B0FE}.Release|Any CPU.ActiveCfg = Release|Any CPU
		{5677633D-F1A4-49BA-9522-44761DF5B0FE}.Release|Any CPU.Build.0 = Release|Any CPU
		{9ACE3432-4DA6-48C8-AD00-0C3503B48C95}.Debug|Any CPU.ActiveCfg = Debug|Any CPU
		{9ACE3432-4DA6-48C8-AD00-0C3503B48C95}.Debug|Any CPU.Build.0 = Debug|Any CPU
		{9ACE3432-4DA6-48C8-AD00-0C3503B48C95}.Release|Any CPU.ActiveCfg = Release|Any CPU
		{9ACE3432-4DA6-48C8-AD00-0C3503B48C95}.Release|Any CPU.Build.0 = Release|Any CPU
		{04647580-A4C6-4ED0-8A0E-3AB318ADA14C}.Debug|Any CPU.ActiveCfg = Debug|Any CPU
		{04647580-A4C6-4ED0-8A0E-3AB318ADA14C}.Debug|Any CPU.Build.0 = Debug|Any CPU
		{04647580-A4C6-4ED0-8A0E-3AB318ADA14C}.Release|Any CPU.ActiveCfg = Release|Any CPU
		{04647580-A4C6-4ED0-8A0E-3AB318ADA14C}.Release|Any CPU.Build.0 = Release|Any CPU
	EndGlobalSection
	GlobalSection(SolutionProperties) = preSolution
		HideSolutionNode = FALSE
	EndGlobalSection
	GlobalSection(ExtensibilityGlobals) = postSolution
		SolutionGuid = {CCCE40D5-47D1-470E-A1C8-DF148335516C}
	EndGlobalSection
EndGlobal
